
Microsoft Visual Studio Solution File, Format Version 12.00
# Visual Studio Version 17
VisualStudioVersion = 17.0.31903.59
MinimumVisualStudioVersion = 10.0.40219.1
Project("{2150E333-8FDC-42A3-9474-1A3956D46DE8}") = "src", "src", "{827E0CD3-B72D-47B6-A68D-7590B98EB39B}"
EndProject
Project("{FAE04EC0-301F-11D3-BF4B-00C04F79EFBC}") = "DNDGame.Core", "src\DNDGame.Core\DNDGame.Core.csproj", "{6CEE7737-9610-4A31-BFED-1FE5FB498739}"
EndProject
Project("{FAE04EC0-301F-11D3-BF4B-00C04F79EFBC}") = "DNDGame.Infrastructure", "src\DNDGame.Infrastructure\DNDGame.Infrastructure.csproj", "{B8224F5B-1273-4496-8A13-2C8F92DD30A0}"
EndProject
Project("{FAE04EC0-301F-11D3-BF4B-00C04F79EFBC}") = "DNDGame.Application", "src\DNDGame.Application\DNDGame.Application.csproj", "{03E92E1F-BD9C-4841-B763-09677824DF63}"
EndProject
Project("{FAE04EC0-301F-11D3-BF4B-00C04F79EFBC}") = "DNDGame.API", "src\DNDGame.API\DNDGame.API.csproj", "{11124727-9E91-4EE9-BBC7-857F4A2325F6}"
EndProject
Project("{FAE04EC0-301F-11D3-BF4B-00C04F79EFBC}") = "DNDGame.Shared", "src\DNDGame.Shared\DNDGame.Shared.csproj", "{14F0E024-F5C1-4CA4-86B8-229534AD3143}"
EndProject
Project("{FAE04EC0-301F-11D3-BF4B-00C04F79EFBC}") = "DNDGame.UnitTests", "tests\DNDGame.UnitTests\DNDGame.UnitTests.csproj", "{8D20A539-A221-46CC-9AD3-1CEE9906B408}"
EndProject
Global
	GlobalSection(SolutionConfigurationPlatforms) = preSolution
		Debug|Any CPU = Debug|Any CPU
		Debug|x64 = Debug|x64
		Debug|x86 = Debug|x86
		Release|Any CPU = Release|Any CPU
		Release|x64 = Release|x64
		Release|x86 = Release|x86
	EndGlobalSection
	GlobalSection(ProjectConfigurationPlatforms) = postSolution
		{6CEE7737-9610-4A31-BFED-1FE5FB498739}.Debug|Any CPU.ActiveCfg = Debug|Any CPU
		{6CEE7737-9610-4A31-BFED-1FE5FB498739}.Debug|Any CPU.Build.0 = Debug|Any CPU
		{6CEE7737-9610-4A31-BFED-1FE5FB498739}.Debug|x64.ActiveCfg = Debug|Any CPU
		{6CEE7737-9610-4A31-BFED-1FE5FB498739}.Debug|x64.Build.0 = Debug|Any CPU
		{6CEE7737-9610-4A31-BFED-1FE5FB498739}.Debug|x86.ActiveCfg = Debug|Any CPU
		{6CEE7737-9610-4A31-BFED-1FE5FB498739}.Debug|x86.Build.0 = Debug|Any CPU
		{6CEE7737-9610-4A31-BFED-1FE5FB498739}.Release|Any CPU.ActiveCfg = Release|Any CPU
		{6CEE7737-9610-4A31-BFED-1FE5FB498739}.Release|Any CPU.Build.0 = Release|Any CPU
		{6CEE7737-9610-4A31-BFED-1FE5FB498739}.Release|x64.ActiveCfg = Release|Any CPU
		{6CEE7737-9610-4A31-BFED-1FE5FB498739}.Release|x64.Build.0 = Release|Any CPU
		{6CEE7737-9610-4A31-BFED-1FE5FB498739}.Release|x86.ActiveCfg = Release|Any CPU
		{6CEE7737-9610-4A31-BFED-1FE5FB498739}.Release|x86.Build.0 = Release|Any CPU
		{B8224F5B-1273-4496-8A13-2C8F92DD30A0}.Debug|Any CPU.ActiveCfg = Debug|Any CPU
		{B8224F5B-1273-4496-8A13-2C8F92DD30A0}.Debug|Any CPU.Build.0 = Debug|Any CPU
		{B8224F5B-1273-4496-8A13-2C8F92DD30A0}.Debug|x64.ActiveCfg = Debug|Any CPU
		{B8224F5B-1273-4496-8A13-2C8F92DD30A0}.Debug|x64.Build.0 = Debug|Any CPU
		{B8224F5B-1273-4496-8A13-2C8F92DD30A0}.Debug|x86.ActiveCfg = Debug|Any CPU
		{B8224F5B-1273-4496-8A13-2C8F92DD30A0}.Debug|x86.Build.0 = Debug|Any CPU
		{B8224F5B-1273-4496-8A13-2C8F92DD30A0}.Release|Any CPU.ActiveCfg = Release|Any CPU
		{B8224F5B-1273-4496-8A13-2C8F92DD30A0}.Release|Any CPU.Build.0 = Release|Any CPU
		{B8224F5B-1273-4496-8A13-2C8F92DD30A0}.Release|x64.ActiveCfg = Release|Any CPU
		{B8224F5B-1273-4496-8A13-2C8F92DD30A0}.Release|x64.Build.0 = Release|Any CPU
		{B8224F5B-1273-4496-8A13-2C8F92DD30A0}.Release|x86.ActiveCfg = Release|Any CPU
		{B8224F5B-1273-4496-8A13-2C8F92DD30A0}.Release|x86.Build.0 = Release|Any CPU
		{03E92E1F-BD9C-4841-B763-09677824DF63}.Debug|Any CPU.ActiveCfg = Debug|Any CPU
		{03E92E1F-BD9C-4841-B763-09677824DF63}.Debug|Any CPU.Build.0 = Debug|Any CPU
		{03E92E1F-BD9C-4841-B763-09677824DF63}.Debug|x64.ActiveCfg = Debug|Any CPU
		{03E92E1F-BD9C-4841-B763-09677824DF63}.Debug|x64.Build.0 = Debug|Any CPU
		{03E92E1F-BD9C-4841-B763-09677824DF63}.Debug|x86.ActiveCfg = Debug|Any CPU
		{03E92E1F-BD9C-4841-B763-09677824DF63}.Debug|x86.Build.0 = Debug|Any CPU
		{03E92E1F-BD9C-4841-B763-09677824DF63}.Release|Any CPU.ActiveCfg = Release|Any CPU
		{03E92E1F-BD9C-4841-B763-09677824DF63}.Release|Any CPU.Build.0 = Release|Any CPU
		{03E92E1F-BD9C-4841-B763-09677824DF63}.Release|x64.ActiveCfg = Release|Any CPU
		{03E92E1F-BD9C-4841-B763-09677824DF63}.Release|x64.Build.0 = Release|Any CPU
		{03E92E1F-BD9C-4841-B763-09677824DF63}.Release|x86.ActiveCfg = Release|Any CPU
		{03E92E1F-BD9C-4841-B763-09677824DF63}.Release|x86.Build.0 = Release|Any CPU
		{11124727-9E91-4EE9-BBC7-857F4A2325F6}.Debug|Any CPU.ActiveCfg = Debug|Any CPU
		{11124727-9E91-4EE9-BBC7-857F4A2325F6}.Debug|Any CPU.Build.0 = Debug|Any CPU
		{11124727-9E91-4EE9-BBC7-857F4A2325F6}.Debug|x64.ActiveCfg = Debug|Any CPU
		{11124727-9E91-4EE9-BBC7-857F4A2325F6}.Debug|x64.Build.0 = Debug|Any CPU
		{11124727-9E91-4EE9-BBC7-857F4A2325F6}.Debug|x86.ActiveCfg = Debug|Any CPU
		{11124727-9E91-4EE9-BBC7-857F4A2325F6}.Debug|x86.Build.0 = Debug|Any CPU
		{11124727-9E91-4EE9-BBC7-857F4A2325F6}.Release|Any CPU.ActiveCfg = Release|Any CPU
		{11124727-9E91-4EE9-BBC7-857F4A2325F6}.Release|Any CPU.Build.0 = Release|Any CPU
		{11124727-9E91-4EE9-BBC7-857F4A2325F6}.Release|x64.ActiveCfg = Release|Any CPU
		{11124727-9E91-4EE9-BBC7-857F4A2325F6}.Release|x64.Build.0 = Release|Any CPU
		{11124727-9E91-4EE9-BBC7-857F4A2325F6}.Release|x86.ActiveCfg = Release|Any CPU
		{11124727-9E91-4EE9-BBC7-857F4A2325F6}.Release|x86.Build.0 = Release|Any CPU
		{14F0E024-F5C1-4CA4-86B8-229534AD3143}.Debug|Any CPU.ActiveCfg = Debug|Any CPU
		{14F0E024-F5C1-4CA4-86B8-229534AD3143}.Debug|Any CPU.Build.0 = Debug|Any CPU
		{14F0E024-F5C1-4CA4-86B8-229534AD3143}.Debug|x64.ActiveCfg = Debug|Any CPU
		{14F0E024-F5C1-4CA4-86B8-229534AD3143}.Debug|x64.Build.0 = Debug|Any CPU
		{14F0E024-F5C1-4CA4-86B8-229534AD3143}.Debug|x86.ActiveCfg = Debug|Any CPU
		{14F0E024-F5C1-4CA4-86B8-229534AD3143}.Debug|x86.Build.0 = Debug|Any CPU
		{14F0E024-F5C1-4CA4-86B8-229534AD3143}.Release|Any CPU.ActiveCfg = Release|Any CPU
		{14F0E024-F5C1-4CA4-86B8-229534AD3143}.Release|Any CPU.Build.0 = Release|Any CPU
		{14F0E024-F5C1-4CA4-86B8-229534AD3143}.Release|x64.ActiveCfg = Release|Any CPU
		{14F0E024-F5C1-4CA4-86B8-229534AD3143}.Release|x64.Build.0 = Release|Any CPU
		{14F0E024-F5C1-4CA4-86B8-229534AD3143}.Release|x86.ActiveCfg = Release|Any CPU
		{14F0E024-F5C1-4CA4-86B8-229534AD3143}.Release|x86.Build.0 = Release|Any CPU
		{8D20A539-A221-46CC-9AD3-1CEE9906B408}.Debug|Any CPU.ActiveCfg = Debug|Any CPU
		{8D20A539-A221-46CC-9AD3-1CEE9906B408}.Debug|Any CPU.Build.0 = Debug|Any CPU
		{8D20A539-A221-46CC-9AD3-1CEE9906B408}.Debug|x64.ActiveCfg = Debug|Any CPU
		{8D20A539-A221-46CC-9AD3-1CEE9906B408}.Debug|x64.Build.0 = Debug|Any CPU
		{8D20A539-A221-46CC-9AD3-1CEE9906B408}.Debug|x86.ActiveCfg = Debug|Any CPU
		{8D20A539-A221-46CC-9AD3-1CEE9906B408}.Debug|x86.Build.0 = Debug|Any CPU
		{8D20A539-A221-46CC-9AD3-1CEE9906B408}.Release|Any CPU.ActiveCfg = Release|Any CPU
		{8D20A539-A221-46CC-9AD3-1CEE9906B408}.Release|Any CPU.Build.0 = Release|Any CPU
		{8D20A539-A221-46CC-9AD3-1CEE9906B408}.Release|x64.ActiveCfg = Release|Any CPU
		{8D20A539-A221-46CC-9AD3-1CEE9906B408}.Release|x64.Build.0 = Release|Any CPU
		{8D20A539-A221-46CC-9AD3-1CEE9906B408}.Release|x86.ActiveCfg = Release|Any CPU
		{8D20A539-A221-46CC-9AD3-1CEE9906B408}.Release|x86.Build.0 = Release|Any CPU
	EndGlobalSection
	GlobalSection(SolutionProperties) = preSolution
		HideSolutionNode = FALSE
	EndGlobalSection
	GlobalSection(NestedProjects) = preSolution
		{6CEE7737-9610-4A31-BFED-1FE5FB498739} = {827E0CD3-B72D-47B6-A68D-7590B98EB39B}
		{B8224F5B-1273-4496-8A13-2C8F92DD30A0} = {827E0CD3-B72D-47B6-A68D-7590B98EB39B}
		{03E92E1F-BD9C-4841-B763-09677824DF63} = {827E0CD3-B72D-47B6-A68D-7590B98EB39B}
		{11124727-9E91-4EE9-BBC7-857F4A2325F6} = {827E0CD3-B72D-47B6-A68D-7590B98EB39B}
		{14F0E024-F5C1-4CA4-86B8-229534AD3143} = {827E0CD3-B72D-47B6-A68D-7590B98EB39B}
		{8D20A539-A221-46CC-9AD3-1CEE9906B408} = {827E0CD3-B72D-47B6-A68D-7590B98EB39B}
	EndGlobalSection
EndGlobal
